41.neocities.org/drm v1.8.9 h1:foOMsEclMMVD2U/Y14czzaH+wBrLHvRwd+azgBcT9/k=
41.neocities.org/drm v1.8.9/go.mod h1:xylRMGasNaMVOXw7U1w9hIk9j6RNmyV26qhVmnZaOrI=
41.neocities.org/luna v1.33.6 h1:HASY67ovctYcTf8QdlAHkX1WWESZRB6QMCeeFcetTNA=
41.neocities.org/luna v1.33.6/go.mod h1:8ihS5NPHqXVrufck4eimOYZglh2TJUguwg8UfNXzaHw=
41.neocities.org/maya v1.28.4 h1:17cUpl7JrNYEQmeqhUYog7l6v2AfJie9GHPuKIdiuZg=
41.neocities.org/maya v1.28.4/go.mod h1:02O+9p+u4fCdKJ7G8kJMOImMhz6AcpGQ56J0b6pqmvg=
41.neocities.org/protobuf v1.6.0 h1:xIpCFBVYqyZQ4RgZCaHdvmaxKYkOR3TaNgB8dx+26Fw=
41.neocities.org/protobuf v1.6.0/go.mod h1:nhuoexeiRjXmAbWQN21+Ta6/wfKYeqLWA33H6jgLf0s=
41.neocities.org/sofia v1.13.8 h1:cJidnwZKpJ7zmZdlSt3eEg3FHhUFvu58F+XYuH4Maeg=
41.neocities.org/sofia v1.13.8/go.mod h1:sEkwYTmUFHqoL34OBDmyeQR7BrMNa8Z60PKYjOT5unQ=
filippo.io/nistec v0.0.4 h1:F14ZHT5htWlMnQVPndX9ro9arf56cBhQxq4LnDI491s=
filippo.io/nistec v0.0.4/go.mod h1:PK/lw8I1gQT4hUML4QGaqljwdDaFcMyFKSXN7kjrtKI=
github.com/emmansun/gmsm v0.41.1 h1:mD1MqmaXTEqt+9UVmDpRYvcEMIa5vuslFEnw7IWp6/w=
github.com/emmansun/gmsm v0.41.1/go.mod h1:FD1EQk4XcSMkahZFzNwFoI/uXzAlODB9JVsJ9G5N7Do=
golang.org/x/sys v0.42.0 h1:omrd2nAlyT5ESRdCLYdm3+fMfNFE/+Rf4bDIQImRJeo=
golang.org/x/sys v0.42.0/go.mod h1:4GL1E5IUh+htKOUEOaiffhrAeqysfVGipDYzABqnCmw=
