41.neocities.org/dash v1.29.6 h1:/8aWSA1/QdKDEWcMbgyZAPM8jTXfy3wf/H5RATNQKTQ=
41.neocities.org/dash v1.29.6/go.mod h1:BoiwRQ49/m0Jyf98s8nO15CjAkBiKlAs27ljIMhBIJA=
41.neocities.org/drm v1.7.6 h1:zbCiUxUWt72k8yhSRKEM+wcQo8xT/CyOhVyzUhj9Qw8=
41.neocities.org/drm v1.7.6/go.mod h1:lUIbu1Jy8VPsIbfAuUq3gJdBtFRcSu4RlpwP+GwFdk0=
41.neocities.org/net v1.15.7 h1:dtRWgkmrueG27G77/svjRyIKEg/LGUWt+G2L59wSzpg=
41.neocities.org/net v1.15.7/go.mod h1:+tr0eLz7xBR0/LvSNePpYeyhZicRXKOOka9nb7zfcI8=
41.neocities.org/protobuf v1.5.9 h1:QOklHIA88nx2GRrgAsynaG+/0ta7f6k1asNdBueX+Xw=
41.neocities.org/protobuf v1.5.9/go.mod h1:nhuoexeiRjXmAbWQN21+Ta6/wfKYeqLWA33H6jgLf0s=
41.neocities.org/sofia v1.12.1 h1:YogMlw6tT+M/TpvsG7htEpv8MsURl1ifuhigCQErfpI=
41.neocities.org/sofia v1.12.1/go.mod h1:sEkwYTmUFHqoL34OBDmyeQR7BrMNa8Z60PKYjOT5unQ=
github.com/arnaucube/cryptofun v0.0.0-20181124004321-9b11ae8280bd/go.mod h1:PZE8kKpHPD1UMrS3mTfAMmEEinGtijSwjxLRqRcD64A=
github.com/arnaucube/cryptofun v0.0.0-20190603183703-df33a4bbd574 h1:CF7VgoeJTUsphBKztUXdS7OTfM+ifx32yzRWSlILGw8=
github.com/arnaucube/cryptofun v0.0.0-20190603183703-df33a4bbd574/go.mod h1:/B6FaxAphhUEFigq7FAwZn2wWWDebPqc8IUUe3QPfW8=
github.com/arnaucube/go-snark v0.0.0-20181207210027-19f7216d0e3d/go.mod h1:gLycS/B43DufBaH0jH8kqiE4A7w5FdOM8I9S416xh2Y=
github.com/davecgh/go-spew v1.1.1 h1:vj9j/u1bqnvCEfJOwUhtlOARqs3+rkHYY13jYWTU97c=
github.com/davecgh/go-spew v1.1.1/go.mod h1:J7Y8YcW2NihsgmVo/mv3lAwl/skON4iLHjSsI+c5H38=
github.com/emmansun/gmsm v0.40.0 h1:OCV9XdRRIqe5en+vJMUgd4fxPfyrtzz9sNUnSWyPjUg=
github.com/emmansun/gmsm v0.40.0/go.mod h1:BJlUp/h2uLj1i9yaGOIO5nUrnDsEmkwKW1ybFMGoRdw=
github.com/pmezard/go-difflib v1.0.0 h1:4DBwDE0NGyQoBHbLQYPwSUPoCMWR5BEzIk/f1lZbAQM=
github.com/pmezard/go-difflib v1.0.0/go.mod h1:iKH77koFhYxTK1pcRnkKkqfTogsbg7gZNVY4sRDYZ/4=
github.com/stretchr/testify v1.2.2 h1:bSDNvY7ZPG5RlJ8otE/7V6gMiyenm9RtJ7IUVIAoJ1w=
github.com/stretchr/testify v1.2.2/go.mod h1:a8OnRcib4nhh0OaRAV+Yts87kKdq0PP7pXfy6kDkUVs=
