41.neocities.org/dash v1.26.7 h1:84Jc7fqeFdr3SBGSTdqnXZ3pJFh5DF3MhA72pAJ5BxM=
41.neocities.org/dash v1.26.7/go.mod h1:BoiwRQ49/m0Jyf98s8nO15CjAkBiKlAs27ljIMhBIJA=
41.neocities.org/platform v1.7.5 h1:BYMJRr6kiEJq9HVZm5SPr85RqoUmz+5uJ+Xk1btuheE=
41.neocities.org/platform v1.7.5/go.mod h1:w9vIvb2JngO/472XHxm9ZLxu228/PbCq5xbWptURdnM=
41.neocities.org/protobuf v1.4.6 h1:jdbCvSpxfTVcKVhK83fvBoRqa3Pk6SCIoLJJ6oG83+g=
41.neocities.org/protobuf v1.4.6/go.mod h1:aGWKOx1NJvD16tcFjdzqXKloJvoF/uypdipBsHrg33E=
41.neocities.org/sofia v1.8.2 h1:VnLbtlCLvkwM2ZZSnP1cG7OwQHD5o6yE2ojmK62dimM=
41.neocities.org/sofia v1.8.2/go.mod h1:sEkwYTmUFHqoL34OBDmyeQR7BrMNa8Z60PKYjOT5unQ=
41.neocities.org/widevine v1.6.3 h1:RTgQ8/WCuW5IPA9WBOwznFtpv0ukvX6FRJvPwlbHGOo=
41.neocities.org/widevine v1.6.3/go.mod h1:F6VfuFyLWYNyjJieWwVXr9HiT66fwDCXfynHUV7CTk0=
41.neocities.org/x v1.5.8 h1:lPUmr4RWhI4MwRUUgJESGwdN9c/98IEQKISh779fM6s=
41.neocities.org/x v1.5.8/go.mod h1:W914QR0V7rkZGunkjXoKFF97FiObrEdozhJj26qo+f0=
github.com/chmike/cmac-go v1.1.0 h1:aF73ZAEx9N2WdQc93DOJ2fMsBDAGqUtuenjMJMb3kEI=
github.com/chmike/cmac-go v1.1.0/go.mod h1:wcIN7NRqWSKGuORzd4dReBkoBDE9ZBqfyTVxyDxGeUw=
google.golang.org/protobuf v1.36.6 h1:z1NpPI8ku2WgiWnf+t9wTPsn6eP1L7ksHUlkfLvd9xY=
google.golang.org/protobuf v1.36.6/go.mod h1:jduwjTPXsFjZGTmRluh+L6NjiWu7pchiJ2/5YcXBHnY=
